
Microsoft Visual Studio Solution File, Format Version 11.00
# Visual C# Express 2010
Project("{FAE04EC0-301F-11D3-BF4B-00C04F79EFBC}") = "MultipleCrepuscularTest1", "MultipleCrepuscularTest1\MultipleCrepuscularTest1\MultipleCrepuscularTest1.csproj", "{946EC5F1-9E44-47E0-982A-DA53DCB1D1E0}"
EndProject
Project("{96E2B04D-8817-42C6-938A-82C39BA4D311}") = "MultipleCrepuscularTest1Content", "MultipleCrepuscularTest1\MultipleCrepuscularTest1Content\MultipleCrepuscularTest1Content.contentproj", "{77959D28-B0D2-4171-99B9-5A98AE5CD4E2}"
EndProject
Global
	GlobalSection(SolutionConfigurationPlatforms) = preSolution
		Debug|x86 = Debug|x86
		Release|x86 = Release|x86
	EndGlobalSection
	GlobalSection(ProjectConfigurationPlatforms) = postSolution
		{946EC5F1-9E44-47E0-982A-DA53DCB1D1E0}.Debug|x86.ActiveCfg = Debug|x86
		{946EC5F1-9E44-47E0-982A-DA53DCB1D1E0}.Debug|x86.Build.0 = Debug|x86
		{946EC5F1-9E44-47E0-982A-DA53DCB1D1E0}.Release|x86.ActiveCfg = Release|x86
		{946EC5F1-9E44-47E0-982A-DA53DCB1D1E0}.Release|x86.Build.0 = Release|x86
		{77959D28-B0D2-4171-99B9-5A98AE5CD4E2}.Debug|x86.ActiveCfg = Debug|x86
		{77959D28-B0D2-4171-99B9-5A98AE5CD4E2}.Release|x86.ActiveCfg = Release|x86
	EndGlobalSection
	GlobalSection(SolutionProperties) = preSolution
		HideSolutionNode = FALSE
	EndGlobalSection
EndGlobal
